// !$*UTF8*$!
{
	archiveVersion = 1;
	classes = {
	};
	objectVersion = 46;
	objects = {

/* Begin PBXBuildFile section */
		FD5CF62B1F29028100C8C80C /* AppDelegate.swift in Sources */ = {isa = PBXBuildFile; fileRef = FD5CF62A1F29028100C8C80C /* AppDelegate.swift */; };
		FD5CF62D1F29028100C8C80C /* CategoriesVC.swift in Sources */ = {isa = PBXBuildFile; fileRef = FD5CF62C1F29028100C8C80C /* CategoriesVC.swift */; };
		FD5CF6301F29028100C8C80C /* Main.storyboard in Resources */ = {isa = PBXBuildFile; fileRef = FD5CF62E1F29028100C8C80C /* Main.storyboard */; };
		FD5CF6321F29028100C8C80C /* Assets.xcassets in Resources */ = {isa = PBXBuildFile; fileRef = FD5CF6311F29028100C8C80C /* Assets.xcassets */; };
		FD5CF6351F29028100C8C80C /* LaunchScreen.storyboard in Resources */ = {isa = PBXBuildFile; fileRef = FD5CF6331F29028100C8C80C /* LaunchScreen.storyboard */; };
		FD5CF6401F29151800C8C80C /* CategoryCell.swift in Sources */ = {isa = PBXBuildFile; fileRef = FD5CF63F1F29151800C8C80C /* CategoryCell.swift */; };
		FD5CF6421F29288E00C8C80C /* Category.swift in Sources */ = {isa = PBXBuildFile; fileRef = FD5CF6411F29288E00C8C80C /* Category.swift */; };
		FD5CF6451F292F5500C8C80C /* DataService.swift in Sources */ = {isa = PBXBuildFile; fileRef = FD5CF6441F292F5500C8C80C /* DataService.swift */; };
		FD5CF6471F29592B00C8C80C /* ProductCell.swift in Sources */ = {isa = PBXBuildFile; fileRef = FD5CF6461F29592B00C8C80C /* ProductCell.swift */; };
/* End PBXBuildFile section */

/* Begin PBXFileReference section */
		FD5CF6271F29028100C8C80C /* Coder-Swag.app */ = {isa = PBXFileReference; explicitFileType = wrapper.application; includeInIndex = 0; path = "Coder-Swag.app"; sourceTree = BUILT_PRODUCTS_DIR; };
		FD5CF62A1F29028100C8C80C /* AppDelegate.swift */ = {isa = PBXFileReference; lastKnownFileType = sourcecode.swift; path = AppDelegate.swift; sourceTree = "<group>"; };
		FD5CF62C1F29028100C8C80C /* CategoriesVC.swift */ = {isa = PBXFileReference; lastKnownFileType = sourcecode.swift; path = CategoriesVC.swift; sourceTree = "<group>"; };
		FD5CF62F1F29028100C8C80C /* Base */ = {isa = PBXFileReference; lastKnownFileType = file.storyboard; name = Base; path = Base.lproj/Main.storyboard; sourceTree = "<group>"; };
		FD5CF6311F29028100C8C80C /* Assets.xcassets */ = {isa = PBXFileReference; lastKnownFileType = folder.assetcatalog; path = Assets.xcassets; sourceTree = "<group>"; };
		FD5CF6341F29028100C8C80C /* Base */ = {isa = PBXFileReference; lastKnownFileType = file.storyboard; name = Base; path = Base.lproj/LaunchScreen.storyboard; sourceTree = "<group>"; };
		FD5CF6361F29028100C8C80C /* Info.plist */ = {isa = PBXFileReference; lastKnownFileType = text.plist.xml; path = Info.plist; sourceTree = "<group>"; };
		FD5CF63F1F29151800C8C80C /* CategoryCell.swift */ = {isa = PBXFileReference; fileEncoding = 4; lastKnownFileType = sourcecode.swift; path = CategoryCell.swift; sourceTree = "<group>"; };
		FD5CF6411F29288E00C8C80C /* Category.swift */ = {isa = PBXFileReference; fileEncoding = 4; lastKnownFileType = sourcecode.swift; path = Category.swift; sourceTree = "<group>"; };
		FD5CF6441F292F5500C8C80C /* DataService.swift */ = {isa = PBXFileReference; fileEncoding = 4; lastKnownFileType = sourcecode.swift; path = DataService.swift; sourceTree = "<group>"; };
		FD5CF6461F29592B00C8C80C /* ProductCell.swift */ = {isa = PBXFileReference; fileEncoding = 4; lastKnownFileType = sourcecode.swift; path = ProductCell.swift; sourceTree = "<group>"; };
/* End PBXFileReference section */

/* Begin PBXFrameworksBuildPhase section */
		FD5CF6241F29028100C8C80C /* Frameworks */ = {
			isa = PBXFrameworksBuildPhase;
			buildActionMask = 2147483647;
			files = (
			);
			runOnlyForDeploymentPostprocessing = 0;
		};
/* End PBXFrameworksBuildPhase section */

/* Begin PBXGroup section */
		FD5CF61E1F29028100C8C80C = {
			isa = PBXGroup;
			children = (
				FD5CF6291F29028100C8C80C /* Coder-Swag */,
				FD5CF6281F29028100C8C80C /* Products */,
			);
			sourceTree = "<group>";
		};
		FD5CF6281F29028100C8C80C /* Products */ = {
			isa = PBXGroup;
			children = (
				FD5CF6271F29028100C8C80C /* Coder-Swag.app */,
			);
			name = Products;
			sourceTree = "<group>";
		};
		FD5CF6291F29028100C8C80C /* Coder-Swag */ = {
			isa = PBXGroup;
			children = (
				FD5CF6431F292F4300C8C80C /* Services */,
				FD5CF63E1F29149000C8C80C /* Model */,
				FD5CF63D1F29148900C8C80C /* Controller */,
				FD5CF63C1F29147F00C8C80C /* View */,
				FD5CF62A1F29028100C8C80C /* AppDelegate.swift */,
				FD5CF62E1F29028100C8C80C /* Main.storyboard */,
				FD5CF6311F29028100C8C80C /* Assets.xcassets */,
				FD5CF6331F29028100C8C80C /* LaunchScreen.storyboard */,
				FD5CF6361F29028100C8C80C /* Info.plist */,
			);
			path = "Coder-Swag";
			sourceTree = "<group>";
		};
		FD5CF63C1F29147F00C8C80C /* View */ = {
			isa = PBXGroup;
			children = (
				FD5CF63F1F29151800C8C80C /* CategoryCell.swift */,
				FD5CF6461F29592B00C8C80C /* ProductCell.swift */,
			);
			name = View;
			sourceTree = "<group>";
		};
		FD5CF63D1F29148900C8C80C /* Controller */ = {
			isa = PBXGroup;
			children = (
				FD5CF62C1F29028100C8C80C /* CategoriesVC.swift */,
			);
			name = Controller;
			sourceTree = "<group>";
		};
		FD5CF63E1F29149000C8C80C /* Model */ = {
			isa = PBXGroup;
			children = (
				FD5CF6411F29288E00C8C80C /* Category.swift */,
			);
			name = Model;
			sourceTree = "<group>";
		};
		FD5CF6431F292F4300C8C80C /* Services */ = {
			isa = PBXGroup;
			children = (
				FD5CF6441F292F5500C8C80C /* DataService.swift */,
			);
			name = Services;
			sourceTree = "<group>";
		};
/* End PBXGroup section */

/* Begin PBXNativeTarget section */
		FD5CF6261F29028100C8C80C /* Coder-Swag */ = {
			isa = PBXNativeTarget;
			buildConfigurationList = FD5CF6391F29028100C8C80C /* Build configuration list for PBXNativeTarget "Coder-Swag" */;
			buildPhases = (
				FD5CF6231F29028100C8C80C /* Sources */,
				FD5CF6241F29028100C8C80C /* Frameworks */,
				FD5CF6251F29028100C8C80C /* Resources */,
			);
			buildRules = (
			);
			dependencies = (
			);
			name = "Coder-Swag";
			productName = "Coder-Swag";
			productReference = FD5CF6271F29028100C8C80C /* Coder-Swag.app */;
			productType = "com.apple.product-type.application";
		};
/* End PBXNativeTarget section */

/* Begin PBXProject section */
		FD5CF61F1F29028100C8C80C /* Project object */ = {
			isa = PBXProject;
			attributes = {
				LastSwiftUpdateCheck = 0830;
				LastUpgradeCheck = 0830;
				ORGANIZATIONNAME = "Daniel Ny";
				TargetAttributes = {
					FD5CF6261F29028100C8C80C = {
						CreatedOnToolsVersion = 8.3.3;
						DevelopmentTeam = 7LRD5684ZH;
						ProvisioningStyle = Automatic;
					};
				};
			};
			buildConfigurationList = FD5CF6221F29028100C8C80C /* Build configuration list for PBXProject "Coder-Swag" */;
			compatibilityVersion = "Xcode 3.2";
			developmentRegion = English;
			hasScannedForEncodings = 0;
			knownRegions = (
				en,
				Base,
			);
			mainGroup = FD5CF61E1F29028100C8C80C;
			productRefGroup = FD5CF6281F29028100C8C80C /* Products */;
			projectDirPath = "";
			projectRoot = "";
			targets = (
				FD5CF6261F29028100C8C80C /* Coder-Swag */,
			);
		};
/* End PBXProject section */

/* Begin PBXResourcesBuildPhase section */
		FD5CF6251F29028100C8C80C /* Resources */ = {
			isa = PBXResourcesBuildPhase;
			buildActionMask = 2147483647;
			files = (
				FD5CF6351F29028100C8C80C /* LaunchScreen.storyboard in Resources */,
				FD5CF6321F29028100C8C80C /* Assets.xcassets in Resources */,
				FD5CF6301F29028100C8C80C /* Main.storyboard in Resources */,
			);
			runOnlyForDeploymentPostprocessing = 0;
		};
/* End PBXResourcesBuildPhase section */

/* Begin PBXSourcesBuildPhase section */
		FD5CF6231F29028100C8C80C /* Sources */ = {
			isa = PBXSourcesBuildPhase;
			buildActionMask = 2147483647;
			files = (
				FD5CF62D1F29028100C8C80C /* CategoriesVC.swift in Sources */,
				FD5CF62B1F29028100C8C80C /* AppDelegate.swift in Sources */,
				FD5CF6401F29151800C8C80C /* CategoryCell.swift in Sources */,
				FD5CF6471F29592B00C8C80C /* ProductCell.swift in Sources */,
				FD5CF6421F29288E00C8C80C /* Category.swift in Sources */,
				FD5CF6451F292F5500C8C80C /* DataService.swift in Sources */,
			);
			runOnlyForDeploymentPostprocessing = 0;
		};
/* End PBXSourcesBuildPhase section */

/* Begin PBXVariantGroup section */
		FD5CF62E1F29028100C8C80C /* Main.storyboard */ = {
			isa = PBXVariantGroup;
			children = (
				FD5CF62F1F29028100C8C80C /* Base */,
			);
			name = Main.storyboard;
			sourceTree = "<group>";
		};
		FD5CF6331F29028100C8C80C /* LaunchScreen.storyboard */ = {
			isa = PBXVariantGroup;
			children = (
				FD5CF6341F29028100C8C80C /* Base */,
			);
			name = LaunchScreen.storyboard;
			sourceTree = "<group>";
		};
/* End PBXVariantGroup section */

/* Begin XCBuildConfiguration section */
		FD5CF6371F29028100C8C80C /* Debug */ = {
			isa = XCBuildConfiguration;
			buildSettings = {
				ALWAYS_SEARCH_USER_PATHS = NO;
				CLANG_ANALYZER_NONNULL = YES;
				CLANG_ANALYZER_NUMBER_OBJECT_CONVERSION = YES_AGGRESSIVE;
				CLANG_CXX_LANGUAGE_STANDARD = "gnu++0x";
				CLANG_CXX_LIBRARY = "libc++";
				CLANG_ENABLE_MODULES = YES;
				CLANG_ENABLE_OBJC_ARC = YES;
				CLANG_WARN_BOOL_CONVERSION = YES;
				CLANG_WARN_CONSTANT_CONVERSION = YES;
				CLANG_WARN_DIRECT_OBJC_ISA_USAGE = YES_ERROR;
				CLANG_WARN_DOCUMENTATION_COMMENTS = YES;
				CLANG_WARN_EMPTY_BODY = YES;
				CLANG_WARN_ENUM_CONVERSION = YES;
				CLANG_WARN_INFINITE_RECURSION = YES;
				CLANG_WARN_INT_CONVERSION = YES;
				CLANG_WARN_OBJC_ROOT_CLASS = YES_ERROR;
				CLANG_WARN_SUSPICIOUS_MOVE = YES;
				CLANG_WARN_UNREACHABLE_CODE = YES;
				CLANG_WARN__DUPLICATE_METHOD_MATCH = YES;
				"CODE_SIGN_IDENTITY[sdk=iphoneos*]" = "iPhone Developer";
				COPY_PHASE_STRIP = NO;
				DEBUG_INFORMATION_FORMAT = dwarf;
				ENABLE_STRICT_OBJC_MSGSEND = YES;
				ENABLE_TESTABILITY = YES;
				GCC_C_LANGUAGE_STANDARD = gnu99;
				GCC_DYNAMIC_NO_PIC = NO;
				GCC_NO_COMMON_BLOCKS = YES;
				GCC_OPTIMIZATION_LEVEL = 0;
				GCC_PREPROCESSOR_DEFINITIONS = (
					"DEBUG=1",
					"$(inherited)",
				);
				GCC_WARN_64_TO_32_BIT_CONVERSION = YES;
				GCC_WARN_ABOUT_RETURN_TYPE = YES_ERROR;
				GCC_WARN_UNDECLARED_SELECTOR = YES;
				GCC_WARN_UNINITIALIZED_AUTOS = YES_AGGRESSIVE;
				GCC_WARN_UNUSED_FUNCTION = YES;
				GCC_WARN_UNUSED_VARIABLE = YES;
				IPHONEOS_DEPLOYMENT_TARGET = 10.3;
				MTL_ENABLE_DEBUG_INFO = YES;
				ONLY_ACTIVE_ARCH = YES;
				SDKROOT = iphoneos;
				SWIFT_ACTIVE_COMPILATION_CONDITIONS = DEBUG;
				SWIFT_OPTIMIZATION_LEVEL = "-Onone";
				TARGETED_DEVICE_FAMILY = "1,2";
			};
			name = Debug;
		};
		FD5CF6381F29028100C8C80C /* Release */ = {
			isa = XCBuildConfiguration;
			buildSettings = {
				ALWAYS_SEARCH_USER_PATHS = NO;
				CLANG_ANALYZER_NONNULL = YES;
				CLANG_ANALYZER_NUMBER_OBJECT_CONVERSION = YES_AGGRESSIVE;
				CLANG_CXX_LANGUAGE_STANDARD = "gnu++0x";
				CLANG_CXX_LIBRARY = "libc++";
				CLANG_ENABLE_MODULES = YES;
				CLANG_ENABLE_OBJC_ARC = YES;
				CLANG_WARN_BOOL_CONVERSION = YES;
				CLANG_WARN_CONSTANT_CONVERSION = YES;
				CLANG_WARN_DIRECT_OBJC_ISA_USAGE = YES_ERROR;
				CLANG_WARN_DOCUMENTATION_COMMENTS = YES;
				CLANG_WARN_EMPTY_BODY = YES;
				CLANG_WARN_ENUM_CONVERSION = YES;
				CLANG_WARN_INFINITE_RECURSION = YES;
				CLANG_WARN_INT_CONVERSION = YES;
				CLANG_WARN_OBJC_ROOT_CLASS = YES_ERROR;
				CLANG_WARN_SUSPICIOUS_MOVE = YES;
				CLANG_WARN_UNREACHABLE_CODE = YES;
				CLANG_WARN__DUPLICATE_METHOD_MATCH = YES;
				"CODE_SIGN_IDENTITY[sdk=iphoneos*]" = "iPhone Developer";
				COPY_PHASE_STRIP = NO;
				DEBUG_INFORMATION_FORMAT = "dwarf-with-dsym";
				ENABLE_NS_ASSERTIONS = NO;
				ENABLE_STRICT_OBJC_MSGSEND = YES;
				GCC_C_LANGUAGE_STANDARD = gnu99;
				GCC_NO_COMMON_BLOCKS = YES;
				GCC_WARN_64_TO_32_BIT_CONVERSION = YES;
				GCC_WARN_ABOUT_RETURN_TYPE = YES_ERROR;
				GCC_WARN_UNDECLARED_SELECTOR = YES;
				GCC_WARN_UNINITIALIZED_AUTOS = YES_AGGRESSIVE;
				GCC_WARN_UNUSED_FUNCTION = YES;
				GCC_WARN_UNUSED_VARIABLE = YES;
				IPHONEOS_DEPLOYMENT_TARGET = 10.3;
				MTL_ENABLE_DEBUG_INFO = NO;
				SDKROOT = iphoneos;
				SWIFT_OPTIMIZATION_LEVEL = "-Owholemodule";
				TARGETED_DEVICE_FAMILY = "1,2";
				VALIDATE_PRODUCT = YES;
			};
			name = Release;
		};
		FD5CF63A1F29028100C8C80C /* Debug */ = {
			isa = XCBuildConfiguration;
			buildSettings = {
				ASSETCATALOG_COMPILER_APPICON_NAME = AppIcon;
				DEVELOPMENT_TEAM = 7LRD5684ZH;
				INFOPLIST_FILE = "Coder-Swag/Info.plist";
				LD_RUNPATH_SEARCH_PATHS = "$(inherited) @executable_path/Frameworks";
				PRODUCT_BUNDLE_IDENTIFIER = "com.danielny.Coder-Swag";
				PRODUCT_NAME = "$(TARGET_NAME)";
				SWIFT_VERSION = 3.0;
			};
			name = Debug;
		};
		FD5CF63B1F29028100C8C80C /* Release */ = {
			isa = XCBuildConfiguration;
			buildSettings = {
				ASSETCATALOG_COMPILER_APPICON_NAME = AppIcon;
				DEVELOPMENT_TEAM = 7LRD5684ZH;
				INFOPLIST_FILE = "Coder-Swag/Info.plist";
				LD_RUNPATH_SEARCH_PATHS = "$(inherited) @executable_path/Frameworks";
				PRODUCT_BUNDLE_IDENTIFIER = "com.danielny.Coder-Swag";
				PRODUCT_NAME = "$(TARGET_NAME)";
				SWIFT_VERSION = 3.0;
			};
			name = Release;
		};
/* End XCBuildConfiguration section */

/* Begin XCConfigurationList section */
		FD5CF6221F29028100C8C80C /* Build configuration list for PBXProject "Coder-Swag" */ = {
			isa = XCConfigurationList;
			buildConfigurations = (
				FD5CF6371F29028100C8C80C /* Debug */,
				FD5CF6381F29028100C8C80C /* Release */,
			);
			defaultConfigurationIsVisible = 0;
			defaultConfigurationName = Release;
		};
		FD5CF6391F29028100C8C80C /* Build configuration list for PBXNativeTarget "Coder-Swag" */ = {
			isa = XCConfigurationList;
			buildConfigurations = (
				FD5CF63A1F29028100C8C80C /* Debug */,
				FD5CF63B1F29028100C8C80C /* Release */,
			);
			defaultConfigurationIsVisible = 0;
		};
/* End XCConfigurationList section */
	};
	rootObject = FD5CF61F1F29028100C8C80C /* Project object */;
}
